// !$*UTF8*$!
{
	archiveVersion = 1;
	classes = {
	};
	objectVersion = 46;
	objects = {

/* Begin PBXBuildFile section */
		1AE856C32913F294761CA1C9 /* Pods_Makestagram.framework in Frameworks */ = {isa = PBXBuildFile; fileRef = DB3D662D02E8E6FE03D2FA19 /* Pods_Makestagram.framework */; };
		BFAF33301F056F4F00B6CDB7 /* AppDelegate.swift in Sources */ = {isa = PBXBuildFile; fileRef = BFAF332F1F056F4F00B6CDB7 /* AppDelegate.swift */; };
		BFAF33371F056F4F00B6CDB7 /* Assets.xcassets in Resources */ = {isa = PBXBuildFile; fileRef = BFAF33361F056F4F00B6CDB7 /* Assets.xcassets */; };
		BFAF33441F05A7FD00B6CDB7 /* Main.storyboard in Resources */ = {isa = PBXBuildFile; fileRef = BFAF33431F05A7FD00B6CDB7 /* Main.storyboard */; };
		BFAF33461F05A81600B6CDB7 /* LaunchScreen.storyboard in Resources */ = {isa = PBXBuildFile; fileRef = BFAF33451F05A81600B6CDB7 /* LaunchScreen.storyboard */; };
		BFAF33481F05A82D00B6CDB7 /* ViewController.swift in Sources */ = {isa = PBXBuildFile; fileRef = BFAF33471F05A82D00B6CDB7 /* ViewController.swift */; };
		BFAF334C1F05A85E00B6CDB7 /* GoogleService-Info.plist in Resources */ = {isa = PBXBuildFile; fileRef = BFAF334B1F05A85E00B6CDB7 /* GoogleService-Info.plist */; };
		BFAF33511F05C9FE00B6CDB7 /* Login.storyboard in Resources */ = {isa = PBXBuildFile; fileRef = BFAF33501F05C9FE00B6CDB7 /* Login.storyboard */; };
		BFAF33531F06B9FB00B6CDB7 /* LoginViewController.swift in Sources */ = {isa = PBXBuildFile; fileRef = BFAF33521F06B9FB00B6CDB7 /* LoginViewController.swift */; };
		BFAF33551F0DB21000B6CDB7 /* User.swift in Sources */ = {isa = PBXBuildFile; fileRef = BFAF33541F0DB21000B6CDB7 /* User.swift */; };
		BFAF33581F0EAF5700B6CDB7 /* CreateUsernameViewController.swift in Sources */ = {isa = PBXBuildFile; fileRef = BFAF33571F0EAF5700B6CDB7 /* CreateUsernameViewController.swift */; };
		BFAF335A1F0EF75100B6CDB7 /* UserService.swift in Sources */ = {isa = PBXBuildFile; fileRef = BFAF33591F0EF75100B6CDB7 /* UserService.swift */; };
/* End PBXBuildFile section */

/* Begin PBXFileReference section */
		7C58A0552B671862D7ED45E5 /* Pods-Makestagram.release.xcconfig */ = {isa = PBXFileReference; includeInIndex = 1; lastKnownFileType = text.xcconfig; name = "Pods-Makestagram.release.xcconfig"; path = "Pods/Target Support Files/Pods-Makestagram/Pods-Makestagram.release.xcconfig"; sourceTree = "<group>"; };
		AACF92EE84796D9810277830 /* Pods-Makestagram.debug.xcconfig */ = {isa = PBXFileReference; includeInIndex = 1; lastKnownFileType = text.xcconfig; name = "Pods-Makestagram.debug.xcconfig"; path = "Pods/Target Support Files/Pods-Makestagram/Pods-Makestagram.debug.xcconfig"; sourceTree = "<group>"; };
		BFAF332C1F056F4F00B6CDB7 /* Makestagram.app */ = {isa = PBXFileReference; explicitFileType = wrapper.application; includeInIndex = 0; path = Makestagram.app; sourceTree = BUILT_PRODUCTS_DIR; };
		BFAF332F1F056F4F00B6CDB7 /* AppDelegate.swift */ = {isa = PBXFileReference; lastKnownFileType = sourcecode.swift; path = AppDelegate.swift; sourceTree = "<group>"; };
		BFAF33361F056F4F00B6CDB7 /* Assets.xcassets */ = {isa = PBXFileReference; lastKnownFileType = folder.assetcatalog; path = Assets.xcassets; sourceTree = "<group>"; };
		BFAF33431F05A7FD00B6CDB7 /* Main.storyboard */ = {isa = PBXFileReference; fileEncoding = 4; lastKnownFileType = file.storyboard; name = Main.storyboard; path = Storyboards/Main.storyboard; sourceTree = "<group>"; };
		BFAF33451F05A81600B6CDB7 /* LaunchScreen.storyboard */ = {isa = PBXFileReference; fileEncoding = 4; lastKnownFileType = file.storyboard; name = LaunchScreen.storyboard; path = Storyboards/LaunchScreen.storyboard; sourceTree = "<group>"; };
		BFAF33471F05A82D00B6CDB7 /* ViewController.swift */ = {isa = PBXFileReference; fileEncoding = 4; lastKnownFileType = sourcecode.swift; name = ViewController.swift; path = Controllers/ViewController.swift; sourceTree = "<group>"; };
		BFAF33491F05A85300B6CDB7 /* Info.plist */ = {isa = PBXFileReference; fileEncoding = 4; lastKnownFileType = text.plist.xml; name = Info.plist; path = Supporting/Info.plist; sourceTree = "<group>"; };
		BFAF334B1F05A85E00B6CDB7 /* GoogleService-Info.plist */ = {isa = PBXFileReference; fileEncoding = 4; lastKnownFileType = text.plist.xml; name = "GoogleService-Info.plist"; path = "Supporting/GoogleService-Info.plist"; sourceTree = "<group>"; };
		BFAF33501F05C9FE00B6CDB7 /* Login.storyboard */ = {isa = PBXFileReference; fileEncoding = 4; lastKnownFileType = file.storyboard; name = Login.storyboard; path = Storyboards/Login.storyboard; sourceTree = "<group>"; };
		BFAF33521F06B9FB00B6CDB7 /* LoginViewController.swift */ = {isa = PBXFileReference; fileEncoding = 4; lastKnownFileType = sourcecode.swift; path = LoginViewController.swift; sourceTree = "<group>"; };
		BFAF33541F0DB21000B6CDB7 /* User.swift */ = {isa = PBXFileReference; fileEncoding = 4; lastKnownFileType = sourcecode.swift; name = User.swift; path = Models/User.swift; sourceTree = "<group>"; };
		BFAF33571F0EAF5700B6CDB7 /* CreateUsernameViewController.swift */ = {isa = PBXFileReference; fileEncoding = 4; lastKnownFileType = sourcecode.swift; name = CreateUsernameViewController.swift; path = Controllers/CreateUsernameViewController.swift; sourceTree = "<group>"; };
		BFAF33591F0EF75100B6CDB7 /* UserService.swift */ = {isa = PBXFileReference; fileEncoding = 4; lastKnownFileType = sourcecode.swift; path = UserService.swift; sourceTree = "<group>"; };
		DB3D662D02E8E6FE03D2FA19 /* Pods_Makestagram.framework */ = {isa = PBXFileReference; explicitFileType = wrapper.framework; includeInIndex = 0; path = Pods_Makestagram.framework; sourceTree = BUILT_PRODUCTS_DIR; };
/* End PBXFileReference section */

/* Begin PBXFrameworksBuildPhase section */
		BFAF33291F056F4F00B6CDB7 /* Frameworks */ = {
			isa = PBXFrameworksBuildPhase;
			buildActionMask = 2147483647;
			files = (
				1AE856C32913F294761CA1C9 /* Pods_Makestagram.framework in Frameworks */,
			);
			runOnlyForDeploymentPostprocessing = 0;
		};
/* End PBXFrameworksBuildPhase section */

/* Begin PBXGroup section */
		0E1F8FB08430ABD3E8F452F3 /* Frameworks */ = {
			isa = PBXGroup;
			children = (
				DB3D662D02E8E6FE03D2FA19 /* Pods_Makestagram.framework */,
			);
			name = Frameworks;
			sourceTree = "<group>";
		};
		BFAF33231F056F4F00B6CDB7 = {
			isa = PBXGroup;
			children = (
				BFAF332E1F056F4F00B6CDB7 /* Makestagram */,
				BFAF332D1F056F4F00B6CDB7 /* Products */,
				E556334ECB47086DF07A7140 /* Pods */,
				0E1F8FB08430ABD3E8F452F3 /* Frameworks */,
			);
			sourceTree = "<group>";
		};
		BFAF332D1F056F4F00B6CDB7 /* Products */ = {
			isa = PBXGroup;
			children = (
				BFAF332C1F056F4F00B6CDB7 /* Makestagram.app */,
			);
			name = Products;
			sourceTree = "<group>";
		};
		BFAF332E1F056F4F00B6CDB7 /* Makestagram */ = {
			isa = PBXGroup;
			children = (
				BFAF332F1F056F4F00B6CDB7 /* AppDelegate.swift */,
				BFAF335B1F0EF78F00B6CDB7 /* Services */,
				BFAF334D1F05AE5E00B6CDB7 /* View Controllers */,
				BFAF33561F0DB39000B6CDB7 /* Models */,
				BFAF334E1F05AEDD00B6CDB7 /* Storyboards */,
				BFAF33361F056F4F00B6CDB7 /* Assets.xcassets */,
				BFAF334F1F05B02B00B6CDB7 /* Supporting Files */,
			);
			path = Makestagram;
			sourceTree = "<group>";
		};
		BFAF334D1F05AE5E00B6CDB7 /* View Controllers */ = {
			isa = PBXGroup;
			children = (
				BFAF33471F05A82D00B6CDB7 /* ViewController.swift */,
				BFAF33571F0EAF5700B6CDB7 /* CreateUsernameViewController.swift */,
				BFAF33521F06B9FB00B6CDB7 /* LoginViewController.swift */,
			);
			name = "View Controllers";
			sourceTree = "<group>";
		};
		BFAF334E1F05AEDD00B6CDB7 /* Storyboards */ = {
			isa = PBXGroup;
			children = (
				BFAF33431F05A7FD00B6CDB7 /* Main.storyboard */,
				BFAF33501F05C9FE00B6CDB7 /* Login.storyboard */,
			);
			name = Storyboards;
			sourceTree = "<group>";
		};
		BFAF334F1F05B02B00B6CDB7 /* Supporting Files */ = {
			isa = PBXGroup;
			children = (
				BFAF33451F05A81600B6CDB7 /* LaunchScreen.storyboard */,
				BFAF334B1F05A85E00B6CDB7 /* GoogleService-Info.plist */,
				BFAF33491F05A85300B6CDB7 /* Info.plist */,
			);
			name = "Supporting Files";
			sourceTree = "<group>";
		};
		BFAF33561F0DB39000B6CDB7 /* Models */ = {
			isa = PBXGroup;
			children = (
				BFAF33541F0DB21000B6CDB7 /* User.swift */,
			);
			name = Models;
			sourceTree = "<group>";
		};
		BFAF335B1F0EF78F00B6CDB7 /* Services */ = {
			isa = PBXGroup;
			children = (
				BFAF33591F0EF75100B6CDB7 /* UserService.swift */,
			);
			name = Services;
			sourceTree = "<group>";
		};
		E556334ECB47086DF07A7140 /* Pods */ = {
			isa = PBXGroup;
			children = (
				AACF92EE84796D9810277830 /* Pods-Makestagram.debug.xcconfig */,
				7C58A0552B671862D7ED45E5 /* Pods-Makestagram.release.xcconfig */,
			);
			name = Pods;
			sourceTree = "<group>";
		};
/* End PBXGroup section */

/* Begin PBXNativeTarget section */
		BFAF332B1F056F4F00B6CDB7 /* Makestagram */ = {
			isa = PBXNativeTarget;
			buildConfigurationList = BFAF333E1F056F4F00B6CDB7 /* Build configuration list for PBXNativeTarget "Makestagram" */;
			buildPhases = (
				517022493F7A0AD785022183 /* [CP] Check Pods Manifest.lock */,
				BFAF33281F056F4F00B6CDB7 /* Sources */,
				BFAF33291F056F4F00B6CDB7 /* Frameworks */,
				BFAF332A1F056F4F00B6CDB7 /* Resources */,
				2D9C76462F7BF2B707B79A21 /* [CP] Embed Pods Frameworks */,
				47BA3C89DDA8E8EE985391A0 /* [CP] Copy Pods Resources */,
			);
			buildRules = (
			);
			dependencies = (
			);
			name = Makestagram;
			productName = Makestagram;
			productReference = BFAF332C1F056F4F00B6CDB7 /* Makestagram.app */;
			productType = "com.apple.product-type.application";
		};
/* End PBXNativeTarget section */

/* Begin PBXProject section */
		BFAF33241F056F4F00B6CDB7 /* Project object */ = {
			isa = PBXProject;
			attributes = {
				LastSwiftUpdateCheck = 0830;
				LastUpgradeCheck = 0830;
				ORGANIZATIONNAME = "Natalie Murillo";
				TargetAttributes = {
					BFAF332B1F056F4F00B6CDB7 = {
						CreatedOnToolsVersion = 8.3.3;
						DevelopmentTeam = Y75Z9QMBUV;
						ProvisioningStyle = Automatic;
					};
				};
			};
			buildConfigurationList = BFAF33271F056F4F00B6CDB7 /* Build configuration list for PBXProject "Makestagram" */;
			compatibilityVersion = "Xcode 3.2";
			developmentRegion = English;
			hasScannedForEncodings = 0;
			knownRegions = (
				en,
				Base,
			);
			mainGroup = BFAF33231F056F4F00B6CDB7;
			productRefGroup = BFAF332D1F056F4F00B6CDB7 /* Products */;
			projectDirPath = "";
			projectRoot = "";
			targets = (
				BFAF332B1F056F4F00B6CDB7 /* Makestagram */,
			);
		};
/* End PBXProject section */

/* Begin PBXResourcesBuildPhase section */
		BFAF332A1F056F4F00B6CDB7 /* Resources */ = {
			isa = PBXResourcesBuildPhase;
			buildActionMask = 2147483647;
			files = (
				BFAF33461F05A81600B6CDB7 /* LaunchScreen.storyboard in Resources */,
				BFAF334C1F05A85E00B6CDB7 /* GoogleService-Info.plist in Resources */,
				BFAF33371F056F4F00B6CDB7 /* Assets.xcassets in Resources */,
				BFAF33511F05C9FE00B6CDB7 /* Login.storyboard in Resources */,
				BFAF33441F05A7FD00B6CDB7 /* Main.storyboard in Resources */,
			);
			runOnlyForDeploymentPostprocessing = 0;
		};
/* End PBXResourcesBuildPhase section */

/* Begin PBXShellScriptBuildPhase section */
		2D9C76462F7BF2B707B79A21 /* [CP] Embed Pods Frameworks */ = {
			isa = PBXShellScriptBuildPhase;
			buildActionMask = 2147483647;
			files = (
			);
			inputPaths = (
			);
			name = "[CP] Embed Pods Frameworks";
			outputPaths = (
			);
			runOnlyForDeploymentPostprocessing = 0;
			shellPath = /bin/sh;
			shellScript = "\"${SRCROOT}/Pods/Target Support Files/Pods-Makestagram/Pods-Makestagram-frameworks.sh\"\n";
			showEnvVarsInLog = 0;
		};
		47BA3C89DDA8E8EE985391A0 /* [CP] Copy Pods Resources */ = {
			isa = PBXShellScriptBuildPhase;
			buildActionMask = 2147483647;
			files = (
			);
			inputPaths = (
			);
			name = "[CP] Copy Pods Resources";
			outputPaths = (
			);
			runOnlyForDeploymentPostprocessing = 0;
			shellPath = /bin/sh;
			shellScript = "\"${SRCROOT}/Pods/Target Support Files/Pods-Makestagram/Pods-Makestagram-resources.sh\"\n";
			showEnvVarsInLog = 0;
		};
		517022493F7A0AD785022183 /* [CP] Check Pods Manifest.lock */ = {
			isa = PBXShellScriptBuildPhase;
			buildActionMask = 2147483647;
			files = (
			);
			inputPaths = (
			);
			name = "[CP] Check Pods Manifest.lock";
			outputPaths = (
			);
			runOnlyForDeploymentPostprocessing = 0;
			shellPath = /bin/sh;
			shellScript = "diff \"${PODS_PODFILE_DIR_PATH}/Podfile.lock\" \"${PODS_ROOT}/Manifest.lock\" > /dev/null\nif [ $? != 0 ] ; then\n    # print error to STDERR\n    echo \"error: The sandbox is not in sync with the Podfile.lock. Run 'pod install' or update your CocoaPods installation.\" >&2\n    exit 1\nfi\n";
			showEnvVarsInLog = 0;
		};
/* End PBXShellScriptBuildPhase section */

/* Begin PBXSourcesBuildPhase section */
		BFAF33281F056F4F00B6CDB7 /* Sources */ = {
			isa = PBXSourcesBuildPhase;
			buildActionMask = 2147483647;
			files = (
				BFAF33551F0DB21000B6CDB7 /* User.swift in Sources */,
				BFAF33531F06B9FB00B6CDB7 /* LoginViewController.swift in Sources */,
				BFAF335A1F0EF75100B6CDB7 /* UserService.swift in Sources */,
				BFAF33481F05A82D00B6CDB7 /* ViewController.swift in Sources */,
				BFAF33581F0EAF5700B6CDB7 /* CreateUsernameViewController.swift in Sources */,
				BFAF33301F056F4F00B6CDB7 /* AppDelegate.swift in Sources */,
			);
			runOnlyForDeploymentPostprocessing = 0;
		};
/* End PBXSourcesBuildPhase section */

/* Begin XCBuildConfiguration section */
		BFAF333C1F056F4F00B6CDB7 /* Debug */ = {
			isa = XCBuildConfiguration;
			buildSettings = {
				ALWAYS_SEARCH_USER_PATHS = NO;
				CLANG_ANALYZER_NONNULL = YES;
				CLANG_ANALYZER_NUMBER_OBJECT_CONVERSION = YES_AGGRESSIVE;
				CLANG_CXX_LANGUAGE_STANDARD = "gnu++0x";
				CLANG_CXX_LIBRARY = "libc++";
				CLANG_ENABLE_MODULES = YES;
				CLANG_ENABLE_OBJC_ARC = YES;
				CLANG_WARN_BOOL_CONVERSION = YES;
				CLANG_WARN_CONSTANT_CONVERSION = YES;
				CLANG_WARN_DIRECT_OBJC_ISA_USAGE = YES_ERROR;
				CLANG_WARN_DOCUMENTATION_COMMENTS = YES;
				CLANG_WARN_EMPTY_BODY = YES;
				CLANG_WARN_ENUM_CONVERSION = YES;
				CLANG_WARN_INFINITE_RECURSION = YES;
				CLANG_WARN_INT_CONVERSION = YES;
				CLANG_WARN_OBJC_ROOT_CLASS = YES_ERROR;
				CLANG_WARN_SUSPICIOUS_MOVE = YES;
				CLANG_WARN_UNREACHABLE_CODE = YES;
				CLANG_WARN__DUPLICATE_METHOD_MATCH = YES;
				"CODE_SIGN_IDENTITY[sdk=iphoneos*]" = "iPhone Developer";
				COPY_PHASE_STRIP = NO;
				DEBUG_INFORMATION_FORMAT = dwarf;
				ENABLE_STRICT_OBJC_MSGSEND = YES;
				ENABLE_TESTABILITY = YES;
				GCC_C_LANGUAGE_STANDARD = gnu99;
				GCC_DYNAMIC_NO_PIC = NO;
				GCC_NO_COMMON_BLOCKS = YES;
				GCC_OPTIMIZATION_LEVEL = 0;
				GCC_PREPROCESSOR_DEFINITIONS = (
					"DEBUG=1",
					"$(inherited)",
				);
				GCC_WARN_64_TO_32_BIT_CONVERSION = YES;
				GCC_WARN_ABOUT_RETURN_TYPE = YES_ERROR;
				GCC_WARN_UNDECLARED_SELECTOR = YES;
				GCC_WARN_UNINITIALIZED_AUTOS = YES_AGGRESSIVE;
				GCC_WARN_UNUSED_FUNCTION = YES;
				GCC_WARN_UNUSED_VARIABLE = YES;
				IPHONEOS_DEPLOYMENT_TARGET = 10.3;
				MTL_ENABLE_DEBUG_INFO = YES;
				ONLY_ACTIVE_ARCH = YES;
				SDKROOT = iphoneos;
				SWIFT_ACTIVE_COMPILATION_CONDITIONS = DEBUG;
				SWIFT_OPTIMIZATION_LEVEL = "-Onone";
			};
			name = Debug;
		};
		BFAF333D1F056F4F00B6CDB7 /* Release */ = {
			isa = XCBuildConfiguration;
			buildSettings = {
				ALWAYS_SEARCH_USER_PATHS = NO;
				CLANG_ANALYZER_NONNULL = YES;
				CLANG_ANALYZER_NUMBER_OBJECT_CONVERSION = YES_AGGRESSIVE;
				CLANG_CXX_LANGUAGE_STANDARD = "gnu++0x";
				CLANG_CXX_LIBRARY = "libc++";
				CLANG_ENABLE_MODULES = YES;
				CLANG_ENABLE_OBJC_ARC = YES;
				CLANG_WARN_BOOL_CONVERSION = YES;
				CLANG_WARN_CONSTANT_CONVERSION = YES;
				CLANG_WARN_DIRECT_OBJC_ISA_USAGE = YES_ERROR;
				CLANG_WARN_DOCUMENTATION_COMMENTS = YES;
				CLANG_WARN_EMPTY_BODY = YES;
				CLANG_WARN_ENUM_CONVERSION = YES;
				CLANG_WARN_INFINITE_RECURSION = YES;
				CLANG_WARN_INT_CONVERSION = YES;
				CLANG_WARN_OBJC_ROOT_CLASS = YES_ERROR;
				CLANG_WARN_SUSPICIOUS_MOVE = YES;
				CLANG_WARN_UNREACHABLE_CODE = YES;
				CLANG_WARN__DUPLICATE_METHOD_MATCH = YES;
				"CODE_SIGN_IDENTITY[sdk=iphoneos*]" = "iPhone Developer";
				COPY_PHASE_STRIP = NO;
				DEBUG_INFORMATION_FORMAT = "dwarf-with-dsym";
				ENABLE_NS_ASSERTIONS = NO;
				ENABLE_STRICT_OBJC_MSGSEND = YES;
				GCC_C_LANGUAGE_STANDARD = gnu99;
				GCC_NO_COMMON_BLOCKS = YES;
				GCC_WARN_64_TO_32_BIT_CONVERSION = YES;
				GCC_WARN_ABOUT_RETURN_TYPE = YES_ERROR;
				GCC_WARN_UNDECLARED_SELECTOR = YES;
				GCC_WARN_UNINITIALIZED_AUTOS = YES_AGGRESSIVE;
				GCC_WARN_UNUSED_FUNCTION = YES;
				GCC_WARN_UNUSED_VARIABLE = YES;
				IPHONEOS_DEPLOYMENT_TARGET = 10.3;
				MTL_ENABLE_DEBUG_INFO = NO;
				SDKROOT = iphoneos;
				SWIFT_OPTIMIZATION_LEVEL = "-Owholemodule";
				VALIDATE_PRODUCT = YES;
			};
			name = Release;
		};
		BFAF333F1F056F4F00B6CDB7 /* Debug */ = {
			isa = XCBuildConfiguration;
			baseConfigurationReference = AACF92EE84796D9810277830 /* Pods-Makestagram.debug.xcconfig */;
			buildSettings = {
				ASSETCATALOG_COMPILER_APPICON_NAME = AppIcon;
				"CODE_SIGN_IDENTITY[sdk=iphoneos*]" = "iPhone Developer";
				DEVELOPMENT_TEAM = Y75Z9QMBUV;
				INFOPLIST_FILE = "$(SRCROOT)/Makestagram/Supporting/Info.plist";
				LD_RUNPATH_SEARCH_PATHS = "$(inherited) @executable_path/Frameworks";
				PRODUCT_BUNDLE_IDENTIFIER = com.nataliemurillo.Makestagram;
				PRODUCT_NAME = "$(TARGET_NAME)";
				PROVISIONING_PROFILE_SPECIFIER = "";
				SWIFT_VERSION = 3.0;
			};
			name = Debug;
		};
		BFAF33401F056F4F00B6CDB7 /* Release */ = {
			isa = XCBuildConfiguration;
			baseConfigurationReference = 7C58A0552B671862D7ED45E5 /* Pods-Makestagram.release.xcconfig */;
			buildSettings = {
				ASSETCATALOG_COMPILER_APPICON_NAME = AppIcon;
				"CODE_SIGN_IDENTITY[sdk=iphoneos*]" = "iPhone Developer";
				DEVELOPMENT_TEAM = Y75Z9QMBUV;
				INFOPLIST_FILE = "$(SRCROOT)/Makestagram/Supporting/Info.plist";
				LD_RUNPATH_SEARCH_PATHS = "$(inherited) @executable_path/Frameworks";
				PRODUCT_BUNDLE_IDENTIFIER = com.nataliemurillo.Makestagram;
				PRODUCT_NAME = "$(TARGET_NAME)";
				PROVISIONING_PROFILE_SPECIFIER = "";
				SWIFT_VERSION = 3.0;
			};
			name = Release;
		};
/* End XCBuildConfiguration section */

/* Begin XCConfigurationList section */
		BFAF33271F056F4F00B6CDB7 /* Build configuration list for PBXProject "Makestagram" */ = {
			isa = XCConfigurationList;
			buildConfigurations = (
				BFAF333C1F056F4F00B6CDB7 /* Debug */,
				BFAF333D1F056F4F00B6CDB7 /* Release */,
			);
			defaultConfigurationIsVisible = 0;
			defaultConfigurationName = Release;
		};
		BFAF333E1F056F4F00B6CDB7 /* Build configuration list for PBXNativeTarget "Makestagram" */ = {
			isa = XCConfigurationList;
			buildConfigurations = (
				BFAF333F1F056F4F00B6CDB7 /* Debug */,
				BFAF33401F056F4F00B6CDB7 /* Release */,
			);
			defaultConfigurationIsVisible = 0;
			defaultConfigurationName = Release;
		};
/* End XCConfigurationList section */
	};
	rootObject = BFAF33241F056F4F00B6CDB7 /* Project object */;
}
